{
    "doctrine/annotations": {
        "version": "1.0",
        "recipe": {
            "repo": "github.com/symfony/recipes",
            "branch": "master",
            "version": "1.0",
            "ref": "cb4152ebcadbe620ea2261da1a1c5a9b8cea7672"
        },
        "files": [
            "config/routes/annotations.yaml"
        ]
    },
    "doctrine/instantiator": {
        "version": "1.2.0"
    },
    "doctrine/lexer": {
        "version": "v1.0.1"
    },
    "guzzlehttp/guzzle": {
        "version": "6.3.3"
    },
    "guzzlehttp/promises": {
        "version": "v1.3.1"
    },
    "guzzlehttp/psr7": {
        "version": "1.5.2"
    },
    "hoa/compiler": {
        "version": "3.17.08.08"
    },
    "hoa/consistency": {
        "version": "1.17.05.02"
    },
    "hoa/event": {
        "version": "1.17.01.13"
    },
    "hoa/exception": {
        "version": "1.17.01.16"
    },
    "hoa/file": {
        "version": "1.17.07.11"
    },
    "hoa/iterator": {
        "version": "2.17.01.10"
    },
    "hoa/math": {
        "version": "1.17.05.16"
    },
    "hoa/protocol": {
        "version": "1.17.01.14"
    },
    "hoa/regex": {
        "version": "1.17.01.13"
    },
    "hoa/stream": {
        "version": "1.17.02.21"
    },
    "hoa/ustring": {
        "version": "4.17.01.16"
    },
    "hoa/visitor": {
        "version": "2.17.01.16"
    },
    "hoa/zformat": {
        "version": "1.17.01.10"
    },
    "jms/metadata": {
        "version": "2.0.0"
    },
    "jms/serializer": {
        "version": "3.0.1"
    },
    "jms/serializer-bundle": {
        "version": "3.0",
        "recipe": {
            "repo": "github.com/symfony/recipes-contrib",
            "branch": "master",
            "version": "3.0",
            "ref": "384cec52df45f3bfd46a09930d6960a58872b268"
        },
        "files": [
            "config/packages/dev/jms_serializer.yaml",
            "config/packages/jms_serializer.yaml",
            "config/packages/prod/jms_serializer.yaml"
        ]
    },
    "maxakawizard/json-collection-parser": {
        "version": "1.5.0"
    },
    "psr/cache": {
        "version": "1.0.1"
    },
    "psr/container": {
        "version": "1.0.0"
    },
    "psr/http-message": {
        "version": "1.0.1"
    },
    "psr/log": {
        "version": "1.1.0"
    },
    "psr/simple-cache": {
        "version": "1.0.1"
    },
    "ralouphie/getallheaders": {
        "version": "2.0.5"
    },
    "salsify/json-streaming-parser": {
        "version": "v6.0.3"
    },
    "symfony/asset": {
        "version": "v4.2.8"
    },
    "symfony/cache": {
        "version": "v4.2.7"
    },
    "symfony/config": {
        "version": "v4.2.7"
    },
    "symfony/console": {
        "version": "3.3",
        "recipe": {
            "repo": "github.com/symfony/recipes",
            "branch": "master",
            "version": "3.3",
            "ref": "482d233eb8de91ebd042992077bbd5838858890c"
        },
        "files": [
            "bin/console",
            "config/bootstrap.php"
        ]
    },
    "symfony/contracts": {
        "version": "v1.0.2"
    },
    "symfony/debug": {
        "version": "v4.2.7"
    },
    "symfony/dependency-injection": {
        "version": "v4.2.7"
    },
    "symfony/dotenv": {
        "version": "v4.2.7"
    },
    "symfony/event-dispatcher": {
        "version": "v4.2.7"
    },
    "symfony/filesystem": {
        "version": "v4.2.7"
    },
    "symfony/finder": {
        "version": "v4.2.7"
    },
    "symfony/flex": {
        "version": "1.0",
        "recipe": {
            "repo": "github.com/symfony/recipes",
            "branch": "master",
            "version": "1.0",
            "ref": "dc3fc2e0334a4137c47cfd5a3ececc601fa61a0b"
        },
        "files": [
            ".env"
        ]
    },
    "symfony/framework-bundle": {
        "version": "4.2",
        "recipe": {
            "repo": "github.com/symfony/recipes",
            "branch": "master",
            "version": "4.2",
            "ref": "f64037a414de7d861f68e9b5b5c0e4f7425e2002"
        },
        "files": [
            "config/bootstrap.php",
            "config/packages/cache.yaml",
            "config/packages/framework.yaml",
            "config/packages/test/framework.yaml",
            "config/services.yaml",
            "public/index.php",
            "src/Controller/.gitignore",
            "src/Kernel.php"
        ]
    },
    "symfony/http-foundation": {
        "version": "v4.2.7"
    },
    "symfony/http-kernel": {
        "version": "v4.2.7"
    },
    "symfony/inflector": {
        "version": "v4.2.8"
    },
    "symfony/phpunit-bridge": {
        "version": "4.1",
        "recipe": {
            "repo": "github.com/symfony/recipes",
            "branch": "master",
            "version": "4.1",
            "ref": "0e548dd90adba18fabd4ef419b14d361fe4d6c74"
        },
        "files": [
            ".env.test",
            "bin/phpunit",
            "config/bootstrap.php",
            "phpunit.xml.dist",
            "tests/.gitignore"
        ]
    },
    "symfony/polyfill-mbstring": {
        "version": "v1.11.0"
    },
    "symfony/polyfill-php72": {
        "version": "v1.11.0"
    },
    "symfony/process": {
        "version": "v4.2.8"
    },
    "symfony/property-access": {
        "version": "v4.2.8"
    },
    "symfony/routing": {
        "version": "4.2",
        "recipe": {
            "repo": "github.com/symfony/recipes",
            "branch": "master",
            "version": "4.2",
            "ref": "5374e24d508ba8fd6ba9eb15170255fdb778316a"
        },
        "files": [
            "config/packages/dev/routing.yaml",
            "config/packages/routing.yaml",
            "config/packages/test/routing.yaml",
            "config/routes.yaml"
        ]
    },
    "symfony/security-bundle": {
        "version": "3.3",
        "recipe": {
            "repo": "github.com/symfony/recipes",
            "branch": "master",
            "version": "3.3",
            "ref": "f8a63faa0d9521526499c0a8f403c9964ecb0527"
        },
        "files": [
            "config/packages/security.yaml"
        ]
    },
    "symfony/security-core": {
        "version": "v4.2.8"
    },
    "symfony/security-csrf": {
        "version": "v4.2.8"
    },
    "symfony/security-guard": {
        "version": "v4.2.8"
    },
    "symfony/security-http": {
        "version": "v4.2.8"
    },
    "symfony/templating": {
        "version": "v4.2.8"
    },
    "symfony/twig-bridge": {
        "version": "v4.2.8"
    },
    "symfony/twig-bundle": {
        "version": "3.3",
        "recipe": {
            "repo": "github.com/symfony/recipes",
            "branch": "master",
            "version": "3.3",
            "ref": "369b5b29dc52b2c190002825ae7ec24ab6f962dd"
        },
        "files": [
            "config/packages/twig.yaml",
            "config/routes/dev/twig.yaml",
            "templates/base.html.twig"
        ]
    },
    "symfony/var-dumper": {
        "version": "v4.2.8"
    },
    "symfony/var-exporter": {
        "version": "v4.2.7"
    },
    "symfony/web-server-bundle": {
        "version": "3.3",
        "recipe": {
            "repo": "github.com/symfony/recipes",
            "branch": "master",
            "version": "3.3",
            "ref": "dae9b39fd6717970be7601101ce5aa960bf53d9a"
        }
    },
    "symfony/webpack-encore-bundle": {
        "version": "1.0",
        "recipe": {
            "repo": "github.com/symfony/recipes",
            "branch": "master",
            "version": "1.0",
            "ref": "7b6180725839c090cd8dbd069a3947b0dca1bae0"
        },
        "files": [
            "assets/css/main.css",
            "assets/js/main.jss",
            "config/packages/assets.yaml",
            "config/packages/prod/webpack_encore.yaml",
            "config/packages/webpack_encore.yaml",
            "package.json",
            "webpack.config.js"
        ]
    },
    "symfony/yaml": {
        "version": "v4.2.7"
    },
    "twig/twig": {
        "version": "v2.9.0"
    }
}
